
Microsoft Visual Studio Solution File, Format Version 12.00
# Visual Studio Version 16
VisualStudioVersion = 16.0.32929.386
MinimumVisualStudioVersion = 10.0.40219.1
Project("{FAE04EC0-301F-11D3-BF4B-00C04F79EFBC}") = "StringClassWork6.02", "StringClassWork6.02\StringClassWork6.02.csproj", "{1332D41C-88AF-4F67-AA7A-1498C5A28240}"
EndProject
Global
	GlobalSection(SolutionConfigurationPlatforms) = preSolution
		Debug|Any CPU = Debug|Any CPU
		Release|Any CPU = Release|Any CPU
	EndGlobalSection
	GlobalSection(ProjectConfigurationPlatforms) = postSolution
		{1332D41C-88AF-4F67-AA7A-1498C5A28240}.Debug|Any CPU.ActiveCfg = Debug|Any CPU
		{1332D41C-88AF-4F67-AA7A-1498C5A28240}.Debug|Any CPU.Build.0 = Debug|Any CPU
		{1332D41C-88AF-4F67-AA7A-1498C5A28240}.Release|Any CPU.ActiveCfg = Release|Any CPU
		{1332D41C-88AF-4F67-AA7A-1498C5A28240}.Release|Any CPU.Build.0 = Release|Any CPU
	EndGlobalSection
	GlobalSection(SolutionProperties) = preSolution
		HideSolutionNode = FALSE
	EndGlobalSection
	GlobalSection(ExtensibilityGlobals) = postSolution
		SolutionGuid = {49E607B7-C63A-4EAD-A64A-EA69ADCF2487}
	EndGlobalSection
EndGlobal
